
Microsoft Visual Studio Solution File, Format Version 12.00
# Visual Studio 15
VisualStudioVersion = 15.0.28307.106
MinimumVisualStudioVersion = 10.0.40219.1
Project("{FAE04EC0-301F-11D3-BF4B-00C04F79EFBC}") = "SimpleLang1", "SimpleLang1.csproj", "{3F169682-E165-42EE-A70C-C80D5C1A1065}"
EndProject
Global
	GlobalSection(SolutionConfigurationPlatforms) = preSolution
		Debug|x86 = Debug|x86
		Release|x86 = Release|x86
	EndGlobalSection
	GlobalSection(ProjectConfigurationPlatforms) = postSolution
		{3F169682-E165-42EE-A70C-C80D5C1A1065}.Debug|x86.ActiveCfg = Debug|x86
		{3F169682-E165-42EE-A70C-C80D5C1A1065}.Debug|x86.Build.0 = Debug|x86
		{3F169682-E165-42EE-A70C-C80D5C1A1065}.Release|x86.ActiveCfg = Release|x86
		{3F169682-E165-42EE-A70C-C80D5C1A1065}.Release|x86.Build.0 = Release|x86
	EndGlobalSection
	GlobalSection(SolutionProperties) = preSolution
		HideSolutionNode = FALSE
	EndGlobalSection
	GlobalSection(ExtensibilityGlobals) = postSolution
		SolutionGuid = {C25187E2-ACB3-429E-9D99-E61ACF841E49}
	EndGlobalSection
EndGlobal
